github.com/danwakefield/fnmatch v0.0.0-20160403171240-cbb64ac3d964 h1:y5HC9v93H5EPKqaS1UYVg1uYah5Xf51mBfIoWehClUQ=
github.com/danwakefield/fnmatch v0.0.0-20160403171240-cbb64ac3d964/go.mod h1:Xd9hchkHSWYkEqJwUGisez3G1QY8Ryz0sdWrLPMGjLk=
github.com/ebitengine/purego v0.9.1 h1:a/k2f2HQU3Pi399RPW1MOaZyhKJL9w/xFpKAg4q1s0A=
github.com/ebitengine/purego v0.9.1/go.mod h1:iIjxzd6CiRiOG0UyXP+V1+jWqUXVjPKLAI0mRfJZTmQ=
github.com/goccy/go-yaml v1.18.0 h1:8W7wMFS12Pcas7KU+VVkaiCng+kG8QiFeFwzFb+rwuw=
github.com/goccy/go-yaml v1.18.0/go.mod h1:XBurs7gK8ATbW4ZPGKgcbrY1Br56PdM69F7LkFRi1kA=
github.com/google/go-cmp v0.7.0 h1:wk8382ETsv4JYUZwIsn6YpYiWiBsYLSJiTsyBybVuN8=
github.com/google/go-cmp v0.7.0/go.mod h1:pXiqmnSA92OHEEa9HXL2W4E7lf9JzCmGVUdgjX3N/iU=
github.com/google/shlex v0.0.0-20191202100458-e7afc7fbc510 h1:El6M4kTTCOh6aBiKaUGG7oYTSPP8MxqL4YI3kZKwcP4=
github.com/google/shlex v0.0.0-20191202100458-e7afc7fbc510/go.mod h1:pupxD2MaaD3pAXIBCelhxNneeOaAeabZDe5s4K6zSpQ=
github.com/jameycribbs/hare v0.6.0 h1:jvDZ/ZhYAKzo4nPgryUviEcoNwnkGNbnJ4WyVyf1zck=
github.com/jameycribbs/hare v0.6.0/go.mod h1:pO8GwHOqBVd352oemfxOnJn4m1xRKKUrQ5Cn1VLjM34=
google.golang.org/protobuf v1.36.10 h1:AYd7cD/uASjIL6Q9LiTjz8JLcrh/88q5UObnmY3aOOE=
google.golang.org/protobuf v1.36.10/go.mod h1:HTf+CrKn2C3g5S8VImy6tdcUvCska2kB7j23XfzDpco=
gopkg.in/natefinch/npipe.v2 v2.0.0-20160621034901-c1b8fa8bdcce h1:+JknDZhAj8YMt7GC73Ei8pv4MzjDUNPHgQWJdtMAaDU=
gopkg.in/natefinch/npipe.v2 v2.0.0-20160621034901-c1b8fa8bdcce/go.mod h1:5AcXVHNjg+BDxry382+8OKon8SEWiKktQR07RKPsv1c=
rafaelmartins.com/p/octokeyz v0.0.0-20250628235640-5c90ed44ee72 h1:h4+mzZgieuOQ0vw/D7y8xDfnpwGQrU72Y6Yt663LLxo=
rafaelmartins.com/p/octokeyz v0.0.0-20250628235640-5c90ed44ee72/go.mod h1:JSbydFL2dK7NVZODcMDeTSG1Y4Im3qyCZfW4URgpHWw=
rafaelmartins.com/p/usbhid v0.0.0-20250616003425-c818f1cb579e h1:Xlg01Rbs6PVG1yOvNEmMjI+edsmua23REsPO+tyhOyU=
rafaelmartins.com/p/usbhid v0.0.0-20250616003425-c818f1cb579e/go.mod h1:focKssvBxJwZE6GrEZipSBZsUwsFkcc0ECSq/In1Kww=
